
Microsoft Visual Studio Solution File, Format Version 12.00
# Visual Studio Version 17
VisualStudioVersion = 17.0.31611.283
MinimumVisualStudioVersion = 10.0.40219.1
Project("{9A19103F-16F7-4668-BE54-9A1E7A4F7556}") = "SampleBrowser.Maui.TabView", "SampleBrowser.Maui.TabView\SampleBrowser.Maui.TabView.csproj", "{3D8E7FCE-2909-4D95-B45A-F6CFD7AE007D}"
EndProject
Global
	GlobalSection(SolutionConfigurationPlatforms) = preSolution
		Debug|Any CPU = Debug|Any CPU
		Release|Any CPU = Release|Any CPU
		Release-Xml|Any CPU = Release-Xml|Any CPU
	EndGlobalSection
	GlobalSection(ProjectConfigurationPlatforms) = postSolution
		{3D8E7FCE-2909-4D95-B45A-F6CFD7AE007D}.Debug|Any CPU.ActiveCfg = Debug|Any CPU
		{3D8E7FCE-2909-4D95-B45A-F6CFD7AE007D}.Debug|Any CPU.Build.0 = Debug|Any CPU
		{3D8E7FCE-2909-4D95-B45A-F6CFD7AE007D}.Debug|Any CPU.Deploy.0 = Debug|Any CPU
		{3D8E7FCE-2909-4D95-B45A-F6CFD7AE007D}.Release|Any CPU.ActiveCfg = Release|Any CPU
		{3D8E7FCE-2909-4D95-B45A-F6CFD7AE007D}.Release|Any CPU.Build.0 = Release|Any CPU
		{3D8E7FCE-2909-4D95-B45A-F6CFD7AE007D}.Release|Any CPU.Deploy.0 = Release|Any CPU
		{3D8E7FCE-2909-4D95-B45A-F6CFD7AE007D}.Release-Xml|Any CPU.ActiveCfg = Release-Xml|Any CPU
		{3D8E7FCE-2909-4D95-B45A-F6CFD7AE007D}.Release-Xml|Any CPU.Build.0 = Release-Xml|Any CPU
		{3D8E7FCE-2909-4D95-B45A-F6CFD7AE007D}.Release-Xml|Any CPU.Deploy.0 = Release-Xml|Any CPU
	EndGlobalSection
	GlobalSection(SolutionProperties) = preSolution
		HideSolutionNode = FALSE
	EndGlobalSection
	GlobalSection(ExtensibilityGlobals) = postSolution
		SolutionGuid = {61F7FB11-1E47-470C-91E2-47F8143E1572}
	EndGlobalSection
EndGlobal
