
Microsoft Visual Studio Solution File, Format Version 12.00
# Visual Studio Version 18
VisualStudioVersion = 18.10.12201.205
MinimumVisualStudioVersion = 10.0.40219.1
Project("{FAE04EC0-301F-11D3-BF4B-00C04F79EFBC}") = "SampleBrowser.Maui.Diagram", "SampleBrowser.Maui.Diagram\SampleBrowser.Maui.Diagram.csproj", "{ECE2FDD9-1566-E1E5-DB6B-293C5B9E0607}"
EndProject
Global
	GlobalSection(SolutionConfigurationPlatforms) = preSolution
		Debug|Any CPU = Debug|Any CPU
		Release|Any CPU = Release|Any CPU
		Release-Xml|Any CPU = Release-Xml|Any CPU
	EndGlobalSection
	GlobalSection(ProjectConfigurationPlatforms) = postSolution
		{ECE2FDD9-1566-E1E5-DB6B-293C5B9E0607}.Debug|Any CPU.ActiveCfg = Debug|Any CPU
		{ECE2FDD9-1566-E1E5-DB6B-293C5B9E0607}.Debug|Any CPU.Build.0 = Debug|Any CPU
		{ECE2FDD9-1566-E1E5-DB6B-293C5B9E0607}.Debug|Any CPU.Deploy.0 = Debug|Any CPU
		{ECE2FDD9-1566-E1E5-DB6B-293C5B9E0607}.Release|Any CPU.ActiveCfg = Release|Any CPU
		{ECE2FDD9-1566-E1E5-DB6B-293C5B9E0607}.Release|Any CPU.Build.0 = Release|Any CPU
		{ECE2FDD9-1566-E1E5-DB6B-293C5B9E0607}.Release|Any CPU.Deploy.0 = Release|Any CPU
		{ECE2FDD9-1566-E1E5-DB6B-293C5B9E0607}.Release-Xml|Any CPU.ActiveCfg = Release-Xml|Any CPU
		{ECE2FDD9-1566-E1E5-DB6B-293C5B9E0607}.Release-Xml|Any CPU.Build.0 = Release-Xml|Any CPU
		{ECE2FDD9-1566-E1E5-DB6B-293C5B9E0607}.Release-Xml|Any CPU.Deploy.0 = Release-Xml|Any CPU
	EndGlobalSection
	GlobalSection(SolutionProperties) = preSolution
		HideSolutionNode = FALSE
	EndGlobalSection
	GlobalSection(ExtensibilityGlobals) = postSolution
		SolutionGuid = {95F97863-D2B4-42D4-BBE0-987353163281}
	EndGlobalSection
EndGlobal
