
Microsoft Visual Studio Solution File, Format Version 12.00
# Visual Studio Version 17
VisualStudioVersion = 17.0.31717.71
MinimumVisualStudioVersion = 10.0.40219.1
Project("{FAE04EC0-301F-11D3-BF4B-00C04F79EFBC}") = "SampleBrowser.Maui", "SampleBrowser.Maui\SampleBrowser.Maui.csproj", "{EEB883DB-C0D4-4149-AA79-FD19FF7F4471}"
EndProject
Project("{FAE04EC0-301F-11D3-BF4B-00C04F79EFBC}") = "SampleBrowser.Maui.Core", "SampleBrowser.Maui.Core\SampleBrowser.Maui.Core.csproj", "{CEADB581-2FB8-43E3-B6F8-71BA6E548B3E}"
EndProject
Global
	GlobalSection(SolutionConfigurationPlatforms) = preSolution
		Debug|Any CPU = Debug|Any CPU
		Release|Any CPU = Release|Any CPU
		Release-Xml|Any CPU = Release-Xml|Any CPU
	EndGlobalSection
	GlobalSection(ProjectConfigurationPlatforms) = postSolution
		{EEB883DB-C0D4-4149-AA79-FD19FF7F4471}.Debug|Any CPU.ActiveCfg = Debug|Any CPU
		{EEB883DB-C0D4-4149-AA79-FD19FF7F4471}.Debug|Any CPU.Build.0 = Debug|Any CPU
		{EEB883DB-C0D4-4149-AA79-FD19FF7F4471}.Debug|Any CPU.Deploy.0 = Debug|Any CPU
		{EEB883DB-C0D4-4149-AA79-FD19FF7F4471}.Release|Any CPU.ActiveCfg = Release|Any CPU
		{EEB883DB-C0D4-4149-AA79-FD19FF7F4471}.Release|Any CPU.Build.0 = Release|Any CPU
		{EEB883DB-C0D4-4149-AA79-FD19FF7F4471}.Release|Any CPU.Deploy.0 = Release|Any CPU
		{EEB883DB-C0D4-4149-AA79-FD19FF7F4471}.Release-Xml|Any CPU.ActiveCfg = Release-Xml|Any CPU
		{EEB883DB-C0D4-4149-AA79-FD19FF7F4471}.Release-Xml|Any CPU.Build.0 = Release-Xml|Any CPU
		{EEB883DB-C0D4-4149-AA79-FD19FF7F4471}.Release-Xml|Any CPU.Deploy.0 = Release-Xml|Any CPU
		{CEADB581-2FB8-43E3-B6F8-71BA6E548B3E}.Debug|Any CPU.ActiveCfg = Debug|Any CPU
		{CEADB581-2FB8-43E3-B6F8-71BA6E548B3E}.Debug|Any CPU.Build.0 = Debug|Any CPU
		{CEADB581-2FB8-43E3-B6F8-71BA6E548B3E}.Release|Any CPU.ActiveCfg = Release|Any CPU
		{CEADB581-2FB8-43E3-B6F8-71BA6E548B3E}.Release|Any CPU.Build.0 = Release|Any CPU
		{CEADB581-2FB8-43E3-B6F8-71BA6E548B3E}.Release-Xml|Any CPU.ActiveCfg = Release-Xml|Any CPU
		{CEADB581-2FB8-43E3-B6F8-71BA6E548B3E}.Release-Xml|Any CPU.Build.0 = Release-Xml|Any CPU
	EndGlobalSection
	GlobalSection(SolutionProperties) = preSolution
		HideSolutionNode = FALSE
	EndGlobalSection
	GlobalSection(ExtensibilityGlobals) = postSolution
		SolutionGuid = {0EC937FE-D5BD-449B-B8E0-EC08568B3DE1}
	EndGlobalSection
EndGlobal
