
Microsoft Visual Studio Solution File, Format Version 12.00
# Visual Studio Version 18
VisualStudioVersion = 18.0.11217.181
MinimumVisualStudioVersion = 10.0.40219.1
Project("{9A19103F-16F7-4668-BE54-9A1E7A4F7556}") = "SampleBrowser.Maui.SmartComponents", "SampleBrowser.Maui.SmartComponents\SampleBrowser.Maui.SmartComponents.csproj", "{EFE9A172-97F7-4966-BA71-B75FF30691A6}"
EndProject
Global
	GlobalSection(SolutionConfigurationPlatforms) = preSolution
		Debug|Any CPU = Debug|Any CPU
		Release|Any CPU = Release|Any CPU
		Release-Xml|Any CPU = Release-Xml|Any CPU
	EndGlobalSection
	GlobalSection(ProjectConfigurationPlatforms) = postSolution
		{EFE9A172-97F7-4966-BA71-B75FF30691A6}.Debug|Any CPU.ActiveCfg = Debug|Any CPU
		{EFE9A172-97F7-4966-BA71-B75FF30691A6}.Debug|Any CPU.Build.0 = Debug|Any CPU
		{EFE9A172-97F7-4966-BA71-B75FF30691A6}.Debug|Any CPU.Deploy.0 = Debug|Any CPU
		{EFE9A172-97F7-4966-BA71-B75FF30691A6}.Release|Any CPU.ActiveCfg = Release|Any CPU
		{EFE9A172-97F7-4966-BA71-B75FF30691A6}.Release|Any CPU.Build.0 = Release|Any CPU
		{EFE9A172-97F7-4966-BA71-B75FF30691A6}.Release|Any CPU.Deploy.0 = Release|Any CPU
		{EFE9A172-97F7-4966-BA71-B75FF30691A6}.Release-Xml|Any CPU.ActiveCfg = Release|Any CPU
		{EFE9A172-97F7-4966-BA71-B75FF30691A6}.Release-Xml|Any CPU.Build.0 = Release|Any CPU
		{EFE9A172-97F7-4966-BA71-B75FF30691A6}.Release-Xml|Any CPU.Deploy.0 = Release|Any CPU
		{39B498BB-76C7-D3F0-86A1-679D973DCD38}.Debug|Any CPU.ActiveCfg = Debug|Any CPU
		{39B498BB-76C7-D3F0-86A1-679D973DCD38}.Debug|Any CPU.Build.0 = Debug|Any CPU
		{39B498BB-76C7-D3F0-86A1-679D973DCD38}.Release|Any CPU.ActiveCfg = Release|Any CPU
		{39B498BB-76C7-D3F0-86A1-679D973DCD38}.Release|Any CPU.Build.0 = Release|Any CPU
		{39B498BB-76C7-D3F0-86A1-679D973DCD38}.Release-Xml|Any CPU.ActiveCfg = Release-Xml|Any CPU
		{39B498BB-76C7-D3F0-86A1-679D973DCD38}.Release-Xml|Any CPU.Build.0 = Release-Xml|Any CPU
		{9926F849-475C-3C85-2C72-7C5F3988A0D6}.Debug|Any CPU.ActiveCfg = Debug|Any CPU
		{9926F849-475C-3C85-2C72-7C5F3988A0D6}.Debug|Any CPU.Build.0 = Debug|Any CPU
		{9926F849-475C-3C85-2C72-7C5F3988A0D6}.Release|Any CPU.ActiveCfg = Release|Any CPU
		{9926F849-475C-3C85-2C72-7C5F3988A0D6}.Release|Any CPU.Build.0 = Release|Any CPU
		{9926F849-475C-3C85-2C72-7C5F3988A0D6}.Release-Xml|Any CPU.ActiveCfg = Release-Xml|Any CPU
		{9926F849-475C-3C85-2C72-7C5F3988A0D6}.Release-Xml|Any CPU.Build.0 = Release-Xml|Any CPU
		{A2938FCB-634C-1CB5-C842-DA30D118ADF1}.Debug|Any CPU.ActiveCfg = Debug|Any CPU
		{A2938FCB-634C-1CB5-C842-DA30D118ADF1}.Debug|Any CPU.Build.0 = Debug|Any CPU
		{A2938FCB-634C-1CB5-C842-DA30D118ADF1}.Release|Any CPU.ActiveCfg = Release|Any CPU
		{A2938FCB-634C-1CB5-C842-DA30D118ADF1}.Release|Any CPU.Build.0 = Release|Any CPU
		{A2938FCB-634C-1CB5-C842-DA30D118ADF1}.Release-Xml|Any CPU.ActiveCfg = Release-Xml|Any CPU
		{A2938FCB-634C-1CB5-C842-DA30D118ADF1}.Release-Xml|Any CPU.Build.0 = Release-Xml|Any CPU
	EndGlobalSection
	GlobalSection(SolutionProperties) = preSolution
		HideSolutionNode = FALSE
	EndGlobalSection
	GlobalSection(ExtensibilityGlobals) = postSolution
		SolutionGuid = {C1B95682-8E5B-402C-ADE8-52C25EB977C5}
	EndGlobalSection
EndGlobal
