
Microsoft Visual Studio Solution File, Format Version 12.00
# Visual Studio Version 17
VisualStudioVersion = 17.8.34309.116
MinimumVisualStudioVersion = 10.0.40219.1
Project("{9A19103F-16F7-4668-BE54-9A1E7A4F7556}") = "SampleBrowser.Maui.Cards", "SampleBrowser.Maui.Cards\SampleBrowser.Maui.Cards.csproj", "{EFE9A172-97F7-4966-BA71-B75FF30691A6}"
EndProject
Global
	GlobalSection(SolutionConfigurationPlatforms) = preSolution
		Debug|Any CPU = Debug|Any CPU
		Release|Any CPU = Release|Any CPU
		Release-Xml|Any CPU = Release-Xml|Any CPU
	EndGlobalSection
	GlobalSection(ProjectConfigurationPlatforms) = postSolution
		{EFE9A172-97F7-4966-BA71-B75FF30691A6}.Debug|Any CPU.ActiveCfg = Debug|Any CPU
		{EFE9A172-97F7-4966-BA71-B75FF30691A6}.Debug|Any CPU.Build.0 = Debug|Any CPU
		{EFE9A172-97F7-4966-BA71-B75FF30691A6}.Debug|Any CPU.Deploy.0 = Debug|Any CPU
		{EFE9A172-97F7-4966-BA71-B75FF30691A6}.Release|Any CPU.ActiveCfg = Release|Any CPU
		{EFE9A172-97F7-4966-BA71-B75FF30691A6}.Release|Any CPU.Build.0 = Release|Any CPU
		{EFE9A172-97F7-4966-BA71-B75FF30691A6}.Release|Any CPU.Deploy.0 = Release|Any CPU
		{EFE9A172-97F7-4966-BA71-B75FF30691A6}.Release-Xml|Any CPU.ActiveCfg = Release|Any CPU
		{EFE9A172-97F7-4966-BA71-B75FF30691A6}.Release-Xml|Any CPU.Build.0 = Release|Any CPU
		{EFE9A172-97F7-4966-BA71-B75FF30691A6}.Release-Xml|Any CPU.Deploy.0 = Release|Any CPU
	EndGlobalSection
	GlobalSection(SolutionProperties) = preSolution
		HideSolutionNode = FALSE
	EndGlobalSection
	GlobalSection(ExtensibilityGlobals) = postSolution
		SolutionGuid = {C1B95682-8E5B-402C-ADE8-52C25EB977C5}
	EndGlobalSection
EndGlobal
