
Microsoft Visual Studio Solution File, Format Version 12.00
# Visual Studio Version 17
VisualStudioVersion = 17.0.31611.283
MinimumVisualStudioVersion = 10.0.40219.1
Project("{9A19103F-16F7-4668-BE54-9A1E7A4F7556}") = "SampleBrowser.Maui.SmartDemos", "SampleBrowser.Maui.SmartDemos\SampleBrowser.Maui.SmartDemos.csproj", "{FFF8474B-FAB6-4FF2-BE38-C0405027F4D5}"
EndProject
Global
	GlobalSection(SolutionConfigurationPlatforms) = preSolution
		Debug|Any CPU = Debug|Any CPU
		Release|Any CPU = Release|Any CPU
		Release-Xml|Any CPU = Release-Xml|Any CPU
	EndGlobalSection
	GlobalSection(ProjectConfigurationPlatforms) = postSolution
		{FFF8474B-FAB6-4FF2-BE38-C0405027F4D5}.Debug|Any CPU.ActiveCfg = Debug|Any CPU
		{FFF8474B-FAB6-4FF2-BE38-C0405027F4D5}.Debug|Any CPU.Build.0 = Debug|Any CPU
		{FFF8474B-FAB6-4FF2-BE38-C0405027F4D5}.Debug|Any CPU.Deploy.0 = Debug|Any CPU
		{FFF8474B-FAB6-4FF2-BE38-C0405027F4D5}.Release|Any CPU.ActiveCfg = Release|Any CPU
		{FFF8474B-FAB6-4FF2-BE38-C0405027F4D5}.Release|Any CPU.Build.0 = Release|Any CPU
		{FFF8474B-FAB6-4FF2-BE38-C0405027F4D5}.Release|Any CPU.Deploy.0 = Release|Any CPU
		{FFF8474B-FAB6-4FF2-BE38-C0405027F4D5}.Release-Xml|Any CPU.ActiveCfg = Release-Xml|Any CPU
		{FFF8474B-FAB6-4FF2-BE38-C0405027F4D5}.Release-Xml|Any CPU.Build.0 = Release-Xml|Any CPU
		{FFF8474B-FAB6-4FF2-BE38-C0405027F4D5}.Release-Xml|Any CPU.Deploy.0 = Release-Xml|Any CPU
	EndGlobalSection
	GlobalSection(SolutionProperties) = preSolution
		HideSolutionNode = FALSE
	EndGlobalSection
	GlobalSection(ExtensibilityGlobals) = postSolution
		SolutionGuid = {61F7FB11-1E47-470C-91E2-47F8143E1572}
	EndGlobalSection
EndGlobal
