
Microsoft Visual Studio Solution File, Format Version 12.00
# Visual Studio Version 17
VisualStudioVersion = 17.7.34018.315
MinimumVisualStudioVersion = 10.0.40219.1
Project("{9A19103F-16F7-4668-BE54-9A1E7A4F7556}") = "SampleBrowser.Maui.SunburstChart", "SampleBrowser.Maui.SunburstChart\SampleBrowser.Maui.SunburstChart.csproj", "{08BF2937-606E-43C9-AA37-BA6C3BAFEE6F}"
EndProject
Global
	GlobalSection(SolutionConfigurationPlatforms) = preSolution
		Debug|Any CPU = Debug|Any CPU
		Release|Any CPU = Release|Any CPU
		Release-Xml|Any CPU = Release-Xml|Any CPU
	EndGlobalSection
	GlobalSection(ProjectConfigurationPlatforms) = postSolution
		{08BF2937-606E-43C9-AA37-BA6C3BAFEE6F}.Debug|Any CPU.ActiveCfg = Debug|Any CPU
		{08BF2937-606E-43C9-AA37-BA6C3BAFEE6F}.Debug|Any CPU.Build.0 = Debug|Any CPU
		{08BF2937-606E-43C9-AA37-BA6C3BAFEE6F}.Debug|Any CPU.Deploy.0 = Debug|Any CPU
		{08BF2937-606E-43C9-AA37-BA6C3BAFEE6F}.Release|Any CPU.ActiveCfg = Release|Any CPU
		{08BF2937-606E-43C9-AA37-BA6C3BAFEE6F}.Release|Any CPU.Build.0 = Release|Any CPU
		{08BF2937-606E-43C9-AA37-BA6C3BAFEE6F}.Release|Any CPU.Deploy.0 = Release|Any CPU
		{08BF2937-606E-43C9-AA37-BA6C3BAFEE6F}.Release-Xml|Any CPU.ActiveCfg = Release-Xml|Any CPU
		{08BF2937-606E-43C9-AA37-BA6C3BAFEE6F}.Release-Xml|Any CPU.Build.0 = Release-Xml|Any CPU
		{08BF2937-606E-43C9-AA37-BA6C3BAFEE6F}.Release-Xml|Any CPU.Deploy.0 = Release-Xml|Any CPU
	EndGlobalSection
	GlobalSection(SolutionProperties) = preSolution
		HideSolutionNode = FALSE
	EndGlobalSection
	GlobalSection(ExtensibilityGlobals) = postSolution
		SolutionGuid = {9FD8A924-E1A1-4105-BED1-32422D72B50A}
	EndGlobalSection
EndGlobal
