
Microsoft Visual Studio Solution File, Format Version 12.00
# Visual Studio Version 17
VisualStudioVersion = 17.0.31611.283
MinimumVisualStudioVersion = 10.0.40219.1
Project("{9A19103F-16F7-4668-BE54-9A1E7A4F7556}") = "SampleBrowser.Maui.BulletChart", "SampleBrowser.Maui.BulletChart\SampleBrowser.Maui.BulletChart.csproj", "{F4B92F51-7ACD-4C51-AD86-508E5ECE8968}"
EndProject
Global
	GlobalSection(SolutionConfigurationPlatforms) = preSolution
		Debug|Any CPU = Debug|Any CPU
		Release|Any CPU = Release|Any CPU
		Release-Xml|Any CPU = Release-Xml|Any CPU
	EndGlobalSection
	GlobalSection(ProjectConfigurationPlatforms) = postSolution
		{F4B92F51-7ACD-4C51-AD86-508E5ECE8968}.Debug|Any CPU.ActiveCfg = Debug|Any CPU
		{F4B92F51-7ACD-4C51-AD86-508E5ECE8968}.Debug|Any CPU.Build.0 = Debug|Any CPU
		{F4B92F51-7ACD-4C51-AD86-508E5ECE8968}.Debug|Any CPU.Deploy.0 = Debug|Any CPU
		{F4B92F51-7ACD-4C51-AD86-508E5ECE8968}.Release|Any CPU.ActiveCfg = Release|Any CPU
		{F4B92F51-7ACD-4C51-AD86-508E5ECE8968}.Release|Any CPU.Build.0 = Release|Any CPU
		{F4B92F51-7ACD-4C51-AD86-508E5ECE8968}.Release|Any CPU.Deploy.0 = Release|Any CPU
		{F4B92F51-7ACD-4C51-AD86-508E5ECE8968}.Release-Xml|Any CPU.ActiveCfg = Release-Xml|Any CPU
		{F4B92F51-7ACD-4C51-AD86-508E5ECE8968}.Release-Xml|Any CPU.Build.0 = Release-Xml|Any CPU
		{F4B92F51-7ACD-4C51-AD86-508E5ECE8968}.Release-Xml|Any CPU.Deploy.0 = Release-Xml|Any CPU
	EndGlobalSection
	GlobalSection(SolutionProperties) = preSolution
		HideSolutionNode = FALSE
	EndGlobalSection
	GlobalSection(ExtensibilityGlobals) = postSolution
		SolutionGuid = {61F7FB11-1E47-470C-91E2-47F8143E1572}
	EndGlobalSection
EndGlobal
