Microsoft Visual Studio Solution File, Format Version 12.00
# Visual Studio Version 17
VisualStudioVersion = 17.5.320.0
MinimumVisualStudioVersion = 10.0.40219.1
Project("{FAE04EC0-301F-11D3-BF4B-00C04F79EFBC}") = "SampleBrowser.Maui.TreeGrid", "SampleBrowser.Maui.TreeGrid\SampleBrowser.Maui.TreeGrid.csproj", "{E76ED5A4-4FE8-C8F4-2B8D-4FA4F02C35E0}"
EndProject
Global
	GlobalSection(SolutionConfigurationPlatforms) = preSolution
		Debug|Any CPU = Debug|Any CPU
		Release|Any CPU = Release|Any CPU
		Release-Xml|Any CPU = Release-Xml|Any CPU
	EndGlobalSection
	GlobalSection(ProjectConfigurationPlatforms) = postSolution
		{E76ED5A4-4FE8-C8F4-2B8D-4FA4F02C35E0}.Debug|Any CPU.ActiveCfg = Debug|Any CPU
		{E76ED5A4-4FE8-C8F4-2B8D-4FA4F02C35E0}.Debug|Any CPU.Build.0 = Debug|Any CPU
		{E76ED5A4-4FE8-C8F4-2B8D-4FA4F02C35E0}.Debug|Any CPU.Deploy.0 = Debug|Any CPU
		{E76ED5A4-4FE8-C8F4-2B8D-4FA4F02C35E0}.Release|Any CPU.ActiveCfg = Release|Any CPU
		{E76ED5A4-4FE8-C8F4-2B8D-4FA4F02C35E0}.Release|Any CPU.Build.0 = Release|Any CPU
		{E76ED5A4-4FE8-C8F4-2B8D-4FA4F02C35E0}.Release|Any CPU.Deploy.0 = Release|Any CPU
		{E76ED5A4-4FE8-C8F4-2B8D-4FA4F02C35E0}.Release-Xml|Any CPU.ActiveCfg = Release-Xml|Any CPU
		{E76ED5A4-4FE8-C8F4-2B8D-4FA4F02C35E0}.Release-Xml|Any CPU.Build.0 = Release-Xml|Any CPU
		{E76ED5A4-4FE8-C8F4-2B8D-4FA4F02C35E0}.Release-Xml|Any CPU.Deploy.0 = Release-Xml|Any CPU
	EndGlobalSection
	GlobalSection(SolutionProperties) = preSolution
		HideSolutionNode = FALSE
	EndGlobalSection
	GlobalSection(ExtensibilityGlobals) = postSolution
		SolutionGuid = {6A187C61-44B2-41CC-854E-1EEF1288BDFF}
	EndGlobalSection
EndGlobal
